
Microsoft Visual Studio Solution File, Format Version 12.00
# Visual Studio Version 17
VisualStudioVersion = 17.4.33103.184
MinimumVisualStudioVersion = 10.0.40219.1
Project("{FAE04EC0-301F-11D3-BF4B-00C04F79EFBC}") = "capaspresentacios", "capaspresentacios\capaspresentacios.csproj", "{727BD645-4A55-4730-B008-D760243F6789}"
EndProject
Project("{FAE04EC0-301F-11D3-BF4B-00C04F79EFBC}") = "capa-logica-negocio", "capa-logica-negocio\capa-logica-negocio.csproj", "{B0530906-288E-42D0-A31A-13B4D5838E8C}"
EndProject
Project("{FAE04EC0-301F-11D3-BF4B-00C04F79EFBC}") = "capa-acceso-datos", "capa-acceso-datos\capa-acceso-datos.csproj", "{62A39FAB-5CB2-455A-A983-70E5CBD60870}"
EndProject
Global
	GlobalSection(SolutionConfigurationPlatforms) = preSolution
		Debug|Any CPU = Debug|Any CPU
		Release|Any CPU = Release|Any CPU
	EndGlobalSection
	GlobalSection(ProjectConfigurationPlatforms) = postSolution
		{727BD645-4A55-4730-B008-D760243F6789}.Debug|Any CPU.ActiveCfg = Debug|Any CPU
		{727BD645-4A55-4730-B008-D760243F6789}.Debug|Any CPU.Build.0 = Debug|Any CPU
		{727BD645-4A55-4730-B008-D760243F6789}.Release|Any CPU.ActiveCfg = Release|Any CPU
		{727BD645-4A55-4730-B008-D760243F6789}.Release|Any CPU.Build.0 = Release|Any CPU
		{B0530906-288E-42D0-A31A-13B4D5838E8C}.Debug|Any CPU.ActiveCfg = Debug|Any CPU
		{B0530906-288E-42D0-A31A-13B4D5838E8C}.Debug|Any CPU.Build.0 = Debug|Any CPU
		{B0530906-288E-42D0-A31A-13B4D5838E8C}.Release|Any CPU.ActiveCfg = Release|Any CPU
		{B0530906-288E-42D0-A31A-13B4D5838E8C}.Release|Any CPU.Build.0 = Release|Any CPU
		{62A39FAB-5CB2-455A-A983-70E5CBD60870}.Debug|Any CPU.ActiveCfg = Debug|Any CPU
		{62A39FAB-5CB2-455A-A983-70E5CBD60870}.Debug|Any CPU.Build.0 = Debug|Any CPU
		{62A39FAB-5CB2-455A-A983-70E5CBD60870}.Release|Any CPU.ActiveCfg = Release|Any CPU
		{62A39FAB-5CB2-455A-A983-70E5CBD60870}.Release|Any CPU.Build.0 = Release|Any CPU
	EndGlobalSection
	GlobalSection(SolutionProperties) = preSolution
		HideSolutionNode = FALSE
	EndGlobalSection
	GlobalSection(ExtensibilityGlobals) = postSolution
		SolutionGuid = {6BEE520B-DE73-4529-A84A-96B10FC82BA7}
	EndGlobalSection
EndGlobal
